
Microsoft Visual Studio Solution File, Format Version 12.00
# Visual Studio 15
VisualStudioVersion = 15.0.27428.2027
MinimumVisualStudioVersion = 10.0.40219.1
Project("{FAE04EC0-301F-11D3-BF4B-00C04F79EFBC}") = "ImaginationWorkgroup.Web", "ImaginationWorkgroup.Web\ImaginationWorkgroup.Web.csproj", "{2891F1B0-6A03-4BAF-9E48-9AF312638015}"
EndProject
Project("{FAE04EC0-301F-11D3-BF4B-00C04F79EFBC}") = "ImaginationWorkgroup.Tests", "ImaginationWorkgroup.Tests\ImaginationWorkgroup.Tests.csproj", "{40BA8822-B577-4E6A-935B-595C4C6DAB00}"
EndProject
Project("{FAE04EC0-301F-11D3-BF4B-00C04F79EFBC}") = "ImaginationWorkgroup.Data", "ImaginationWorkgroup.Data\ImaginationWorkgroup.Data.csproj", "{690C3EE5-519D-4903-9894-76D7283D80C2}"
EndProject
Project("{FAE04EC0-301F-11D3-BF4B-00C04F79EFBC}") = "ImaginationWorkgroup.Infrastructure", "ImaginationWorkgroup.Infrastructure\ImaginationWorkgroup.Infrastructure.csproj", "{CFD9F901-5668-46AB-BA05-B994F5401857}"
EndProject
Project("{2150E333-8FDC-42A3-9474-1A3956D46DE8}") = "Solution Items", "Solution Items", "{2BDAA292-715F-4EB0-891A-973E60FF2D01}"
	ProjectSection(SolutionItems) = preProject
		Nuget.config = Nuget.config
	EndProjectSection
EndProject
Project("{FAE04EC0-301F-11D3-BF4B-00C04F79EFBC}") = "ImaginationWorkgroup.Sandbox", "ImaginationWorkgroup.Sandbox\ImaginationWorkgroup.Sandbox.csproj", "{2232B1F2-F9E1-4CBB-846A-4F54CB525BDA}"
EndProject
Global
	GlobalSection(SolutionConfigurationPlatforms) = preSolution
		Debug|Any CPU = Debug|Any CPU
		Release|Any CPU = Release|Any CPU
	EndGlobalSection
	GlobalSection(ProjectConfigurationPlatforms) = postSolution
		{2891F1B0-6A03-4BAF-9E48-9AF312638015}.Debug|Any CPU.ActiveCfg = Debug|Any CPU
		{2891F1B0-6A03-4BAF-9E48-9AF312638015}.Debug|Any CPU.Build.0 = Debug|Any CPU
		{2891F1B0-6A03-4BAF-9E48-9AF312638015}.Release|Any CPU.ActiveCfg = Release|Any CPU
		{2891F1B0-6A03-4BAF-9E48-9AF312638015}.Release|Any CPU.Build.0 = Release|Any CPU
		{40BA8822-B577-4E6A-935B-595C4C6DAB00}.Debug|Any CPU.ActiveCfg = Debug|Any CPU
		{40BA8822-B577-4E6A-935B-595C4C6DAB00}.Debug|Any CPU.Build.0 = Debug|Any CPU
		{40BA8822-B577-4E6A-935B-595C4C6DAB00}.Release|Any CPU.ActiveCfg = Release|Any CPU
		{40BA8822-B577-4E6A-935B-595C4C6DAB00}.Release|Any CPU.Build.0 = Release|Any CPU
		{690C3EE5-519D-4903-9894-76D7283D80C2}.Debug|Any CPU.ActiveCfg = Debug|Any CPU
		{690C3EE5-519D-4903-9894-76D7283D80C2}.Debug|Any CPU.Build.0 = Debug|Any CPU
		{690C3EE5-519D-4903-9894-76D7283D80C2}.Release|Any CPU.ActiveCfg = Release|Any CPU
		{690C3EE5-519D-4903-9894-76D7283D80C2}.Release|Any CPU.Build.0 = Release|Any CPU
		{CFD9F901-5668-46AB-BA05-B994F5401857}.Debug|Any CPU.ActiveCfg = Debug|Any CPU
		{CFD9F901-5668-46AB-BA05-B994F5401857}.Debug|Any CPU.Build.0 = Debug|Any CPU
		{CFD9F901-5668-46AB-BA05-B994F5401857}.Release|Any CPU.ActiveCfg = Release|Any CPU
		{CFD9F901-5668-46AB-BA05-B994F5401857}.Release|Any CPU.Build.0 = Release|Any CPU
		{2232B1F2-F9E1-4CBB-846A-4F54CB525BDA}.Debug|Any CPU.ActiveCfg = Debug|Any CPU
		{2232B1F2-F9E1-4CBB-846A-4F54CB525BDA}.Debug|Any CPU.Build.0 = Debug|Any CPU
		{2232B1F2-F9E1-4CBB-846A-4F54CB525BDA}.Release|Any CPU.ActiveCfg = Release|Any CPU
		{2232B1F2-F9E1-4CBB-846A-4F54CB525BDA}.Release|Any CPU.Build.0 = Release|Any CPU
	EndGlobalSection
	GlobalSection(SolutionProperties) = preSolution
		HideSolutionNode = FALSE
	EndGlobalSection
	GlobalSection(ExtensibilityGlobals) = postSolution
		SolutionGuid = {A9230922-BE13-4A73-99A9-4068C86B9D0C}
	EndGlobalSection
EndGlobal
